
Microsoft Visual Studio Solution File, Format Version 12.00
# Visual Studio Version 16
VisualStudioVersion = 16.0.31624.102
MinimumVisualStudioVersion = 10.0.40219.1
Project("{9A19103F-16F7-4668-BE54-9A1E7A4F7556}") = "ADOPM2_01_01", "ADOPM2_01_01\ADOPM2_01_01.csproj", "{7BEB4F7C-DA44-4EED-984A-2FC8386D3621}"
EndProject
Project("{9A19103F-16F7-4668-BE54-9A1E7A4F7556}") = "ADOPM2_01_02", "ADOPM2_01_02\ADOPM2_01_02.csproj", "{44C3FF49-B8B8-4CD1-9EF2-5495E5D50F28}"
EndProject
Project("{9A19103F-16F7-4668-BE54-9A1E7A4F7556}") = "ADOPM2_01_03", "ADOPM2_01_03\ADOPM2_01_03.csproj", "{D2E4584E-9C1A-4231-884C-48F17A12854F}"
EndProject
Project("{9A19103F-16F7-4668-BE54-9A1E7A4F7556}") = "ADOPM2_01_04", "ADOPM2_01_04\ADOPM2_01_04.csproj", "{E140D113-74AD-4F8D-8DD3-B3F7AC6E8300}"
EndProject
Project("{9A19103F-16F7-4668-BE54-9A1E7A4F7556}") = "ADOPM2_01_05", "ADOPM2_01_05\ADOPM2_01_05.csproj", "{FBB7B756-849F-4A97-9534-7E9E7A8D9FAD}"
EndProject
Project("{9A19103F-16F7-4668-BE54-9A1E7A4F7556}") = "ADOPM2_01_06", "ADOPM2_01_06\ADOPM2_01_06.csproj", "{BA8A3E2B-EF0F-44B1-8122-869400CD8B4D}"
EndProject
Project("{9A19103F-16F7-4668-BE54-9A1E7A4F7556}") = "ADOPM2_01_07", "ADOPM2_01_07\ADOPM2_01_07.csproj", "{556A737C-F82F-4697-AEC0-C17202E8A459}"
EndProject
Project("{9A19103F-16F7-4668-BE54-9A1E7A4F7556}") = "ADOPM2_01_08", "ADOPM2_01_08\ADOPM2_01_08.csproj", "{84D4A1A0-DB64-47A7-B215-6DEF82B7FDC8}"
EndProject
Project("{9A19103F-16F7-4668-BE54-9A1E7A4F7556}") = "ADOPM2_01_09", "ADOPM2_01_09\ADOPM2_01_09.csproj", "{5FE9DC8F-E3EB-466D-BAB1-E251D875251F}"
EndProject
Project("{9A19103F-16F7-4668-BE54-9A1E7A4F7556}") = "ADOPM2_01_10", "ADOPM2_01_10\ADOPM2_01_10.csproj", "{56E96293-0AE8-43B3-A9BD-023F4194D7E4}"
EndProject
Project("{9A19103F-16F7-4668-BE54-9A1E7A4F7556}") = "ADOPM2_01_11", "ADOPM2_01_11\ADOPM2_01_11.csproj", "{5D0636AB-0E83-490A-9566-58E95368C5A1}"
EndProject
Project("{9A19103F-16F7-4668-BE54-9A1E7A4F7556}") = "ADOPM2_01_12", "ADOPM2_01_12\ADOPM2_01_12.csproj", "{F8A2DA7E-A375-4A9E-99C0-A87CEFB734B1}"
EndProject
Project("{9A19103F-16F7-4668-BE54-9A1E7A4F7556}") = "ADOPM2_01_13", "ADOPM2_01_13\ADOPM2_01_13.csproj", "{1C311FBC-DB7B-4F5A-BB83-C9C324C76F0B}"
EndProject
Project("{9A19103F-16F7-4668-BE54-9A1E7A4F7556}") = "ADOPM2_01_14", "ADOPM2_01_14\ADOPM2_01_14.csproj", "{A446FF93-AAB4-4778-A8F5-2E1331B98576}"
EndProject
Project("{9A19103F-16F7-4668-BE54-9A1E7A4F7556}") = "ADOPM2_01_15", "ADOPM2_01_15\ADOPM2_01_15.csproj", "{0F33734B-99EB-4779-BFA4-6D70744F8500}"
EndProject
Project("{9A19103F-16F7-4668-BE54-9A1E7A4F7556}") = "ADOPM2_01_16", "ADOPM2_01_16\ADOPM2_01_16.csproj", "{19956FC8-D1A8-4528-8B2D-6DFB5AB14E3B}"
EndProject
Project("{FAE04EC0-301F-11D3-BF4B-00C04F79EFBC}") = "ADOPM2_01_12a", "ADOPM2_01_12a\ADOPM2_01_12a.csproj", "{733F5755-F691-4441-969B-143FC90511B3}"
EndProject
Project("{FAE04EC0-301F-11D3-BF4B-00C04F79EFBC}") = "Chefs", "Chefs\Chefs.csproj", "{89782DA2-523E-479B-8C66-F657E05D5458}"
EndProject
Project("{FAE04EC0-301F-11D3-BF4B-00C04F79EFBC}") = "ClassFactory", "ClassFactory\ClassFactory.csproj", "{C77121ED-D06C-4ED5-925B-7542B9789042}"
EndProject
Global
	GlobalSection(SolutionConfigurationPlatforms) = preSolution
		Debug|Any CPU = Debug|Any CPU
		Release|Any CPU = Release|Any CPU
	EndGlobalSection
	GlobalSection(ProjectConfigurationPlatforms) = postSolution
		{7BEB4F7C-DA44-4EED-984A-2FC8386D3621}.Debug|Any CPU.ActiveCfg = Debug|Any CPU
		{7BEB4F7C-DA44-4EED-984A-2FC8386D3621}.Debug|Any CPU.Build.0 = Debug|Any CPU
		{7BEB4F7C-DA44-4EED-984A-2FC8386D3621}.Release|Any CPU.ActiveCfg = Release|Any CPU
		{7BEB4F7C-DA44-4EED-984A-2FC8386D3621}.Release|Any CPU.Build.0 = Release|Any CPU
		{44C3FF49-B8B8-4CD1-9EF2-5495E5D50F28}.Debug|Any CPU.ActiveCfg = Debug|Any CPU
		{44C3FF49-B8B8-4CD1-9EF2-5495E5D50F28}.Debug|Any CPU.Build.0 = Debug|Any CPU
		{44C3FF49-B8B8-4CD1-9EF2-5495E5D50F28}.Release|Any CPU.ActiveCfg = Release|Any CPU
		{44C3FF49-B8B8-4CD1-9EF2-5495E5D50F28}.Release|Any CPU.Build.0 = Release|Any CPU
		{D2E4584E-9C1A-4231-884C-48F17A12854F}.Debug|Any CPU.ActiveCfg = Debug|Any CPU
		{D2E4584E-9C1A-4231-884C-48F17A12854F}.Debug|Any CPU.Build.0 = Debug|Any CPU
		{D2E4584E-9C1A-4231-884C-48F17A12854F}.Release|Any CPU.ActiveCfg = Release|Any CPU
		{D2E4584E-9C1A-4231-884C-48F17A12854F}.Release|Any CPU.Build.0 = Release|Any CPU
		{E140D113-74AD-4F8D-8DD3-B3F7AC6E8300}.Debug|Any CPU.ActiveCfg = Debug|Any CPU
		{E140D113-74AD-4F8D-8DD3-B3F7AC6E8300}.Debug|Any CPU.Build.0 = Debug|Any CPU
		{E140D113-74AD-4F8D-8DD3-B3F7AC6E8300}.Release|Any CPU.ActiveCfg = Release|Any CPU
		{E140D113-74AD-4F8D-8DD3-B3F7AC6E8300}.Release|Any CPU.Build.0 = Release|Any CPU
		{FBB7B756-849F-4A97-9534-7E9E7A8D9FAD}.Debug|Any CPU.ActiveCfg = Debug|Any CPU
		{FBB7B756-849F-4A97-9534-7E9E7A8D9FAD}.Debug|Any CPU.Build.0 = Debug|Any CPU
		{FBB7B756-849F-4A97-9534-7E9E7A8D9FAD}.Release|Any CPU.ActiveCfg = Release|Any CPU
		{FBB7B756-849F-4A97-9534-7E9E7A8D9FAD}.Release|Any CPU.Build.0 = Release|Any CPU
		{BA8A3E2B-EF0F-44B1-8122-869400CD8B4D}.Debug|Any CPU.ActiveCfg = Debug|Any CPU
		{BA8A3E2B-EF0F-44B1-8122-869400CD8B4D}.Debug|Any CPU.Build.0 = Debug|Any CPU
		{BA8A3E2B-EF0F-44B1-8122-869400CD8B4D}.Release|Any CPU.ActiveCfg = Release|Any CPU
		{BA8A3E2B-EF0F-44B1-8122-869400CD8B4D}.Release|Any CPU.Build.0 = Release|Any CPU
		{556A737C-F82F-4697-AEC0-C17202E8A459}.Debug|Any CPU.ActiveCfg = Debug|Any CPU
		{556A737C-F82F-4697-AEC0-C17202E8A459}.Debug|Any CPU.Build.0 = Debug|Any CPU
		{556A737C-F82F-4697-AEC0-C17202E8A459}.Release|Any CPU.ActiveCfg = Release|Any CPU
		{556A737C-F82F-4697-AEC0-C17202E8A459}.Release|Any CPU.Build.0 = Release|Any CPU
		{84D4A1A0-DB64-47A7-B215-6DEF82B7FDC8}.Debug|Any CPU.ActiveCfg = Debug|Any CPU
		{84D4A1A0-DB64-47A7-B215-6DEF82B7FDC8}.Debug|Any CPU.Build.0 = Debug|Any CPU
		{84D4A1A0-DB64-47A7-B215-6DEF82B7FDC8}.Release|Any CPU.ActiveCfg = Release|Any CPU
		{84D4A1A0-DB64-47A7-B215-6DEF82B7FDC8}.Release|Any CPU.Build.0 = Release|Any CPU
		{5FE9DC8F-E3EB-466D-BAB1-E251D875251F}.Debug|Any CPU.ActiveCfg = Debug|Any CPU
		{5FE9DC8F-E3EB-466D-BAB1-E251D875251F}.Debug|Any CPU.Build.0 = Debug|Any CPU
		{5FE9DC8F-E3EB-466D-BAB1-E251D875251F}.Release|Any CPU.ActiveCfg = Release|Any CPU
		{5FE9DC8F-E3EB-466D-BAB1-E251D875251F}.Release|Any CPU.Build.0 = Release|Any CPU
		{56E96293-0AE8-43B3-A9BD-023F4194D7E4}.Debug|Any CPU.ActiveCfg = Debug|Any CPU
		{56E96293-0AE8-43B3-A9BD-023F4194D7E4}.Debug|Any CPU.Build.0 = Debug|Any CPU
		{56E96293-0AE8-43B3-A9BD-023F4194D7E4}.Release|Any CPU.ActiveCfg = Release|Any CPU
		{56E96293-0AE8-43B3-A9BD-023F4194D7E4}.Release|Any CPU.Build.0 = Release|Any CPU
		{5D0636AB-0E83-490A-9566-58E95368C5A1}.Debug|Any CPU.ActiveCfg = Debug|Any CPU
		{5D0636AB-0E83-490A-9566-58E95368C5A1}.Debug|Any CPU.Build.0 = Debug|Any CPU
		{5D0636AB-0E83-490A-9566-58E95368C5A1}.Release|Any CPU.ActiveCfg = Release|Any CPU
		{5D0636AB-0E83-490A-9566-58E95368C5A1}.Release|Any CPU.Build.0 = Release|Any CPU
		{F8A2DA7E-A375-4A9E-99C0-A87CEFB734B1}.Debug|Any CPU.ActiveCfg = Debug|Any CPU
		{F8A2DA7E-A375-4A9E-99C0-A87CEFB734B1}.Debug|Any CPU.Build.0 = Debug|Any CPU
		{F8A2DA7E-A375-4A9E-99C0-A87CEFB734B1}.Release|Any CPU.ActiveCfg = Release|Any CPU
		{F8A2DA7E-A375-4A9E-99C0-A87CEFB734B1}.Release|Any CPU.Build.0 = Release|Any CPU
		{1C311FBC-DB7B-4F5A-BB83-C9C324C76F0B}.Debug|Any CPU.ActiveCfg = Debug|Any CPU
		{1C311FBC-DB7B-4F5A-BB83-C9C324C76F0B}.Debug|Any CPU.Build.0 = Debug|Any CPU
		{1C311FBC-DB7B-4F5A-BB83-C9C324C76F0B}.Release|Any CPU.ActiveCfg = Release|Any CPU
		{1C311FBC-DB7B-4F5A-BB83-C9C324C76F0B}.Release|Any CPU.Build.0 = Release|Any CPU
		{A446FF93-AAB4-4778-A8F5-2E1331B98576}.Debug|Any CPU.ActiveCfg = Debug|Any CPU
		{A446FF93-AAB4-4778-A8F5-2E1331B98576}.Debug|Any CPU.Build.0 = Debug|Any CPU
		{A446FF93-AAB4-4778-A8F5-2E1331B98576}.Release|Any CPU.ActiveCfg = Release|Any CPU
		{A446FF93-AAB4-4778-A8F5-2E1331B98576}.Release|Any CPU.Build.0 = Release|Any CPU
		{0F33734B-99EB-4779-BFA4-6D70744F8500}.Debug|Any CPU.ActiveCfg = Debug|Any CPU
		{0F33734B-99EB-4779-BFA4-6D70744F8500}.Debug|Any CPU.Build.0 = Debug|Any CPU
		{0F33734B-99EB-4779-BFA4-6D70744F8500}.Release|Any CPU.ActiveCfg = Release|Any CPU
		{0F33734B-99EB-4779-BFA4-6D70744F8500}.Release|Any CPU.Build.0 = Release|Any CPU
		{19956FC8-D1A8-4528-8B2D-6DFB5AB14E3B}.Debug|Any CPU.ActiveCfg = Debug|Any CPU
		{19956FC8-D1A8-4528-8B2D-6DFB5AB14E3B}.Debug|Any CPU.Build.0 = Debug|Any CPU
		{19956FC8-D1A8-4528-8B2D-6DFB5AB14E3B}.Release|Any CPU.ActiveCfg = Release|Any CPU
		{19956FC8-D1A8-4528-8B2D-6DFB5AB14E3B}.Release|Any CPU.Build.0 = Release|Any CPU
		{733F5755-F691-4441-969B-143FC90511B3}.Debug|Any CPU.ActiveCfg = Debug|Any CPU
		{733F5755-F691-4441-969B-143FC90511B3}.Debug|Any CPU.Build.0 = Debug|Any CPU
		{733F5755-F691-4441-969B-143FC90511B3}.Release|Any CPU.ActiveCfg = Release|Any CPU
		{733F5755-F691-4441-969B-143FC90511B3}.Release|Any CPU.Build.0 = Release|Any CPU
		{89782DA2-523E-479B-8C66-F657E05D5458}.Debug|Any CPU.ActiveCfg = Debug|Any CPU
		{89782DA2-523E-479B-8C66-F657E05D5458}.Debug|Any CPU.Build.0 = Debug|Any CPU
		{89782DA2-523E-479B-8C66-F657E05D5458}.Release|Any CPU.ActiveCfg = Release|Any CPU
		{89782DA2-523E-479B-8C66-F657E05D5458}.Release|Any CPU.Build.0 = Release|Any CPU
		{C77121ED-D06C-4ED5-925B-7542B9789042}.Debug|Any CPU.ActiveCfg = Debug|Any CPU
		{C77121ED-D06C-4ED5-925B-7542B9789042}.Debug|Any CPU.Build.0 = Debug|Any CPU
		{C77121ED-D06C-4ED5-925B-7542B9789042}.Release|Any CPU.ActiveCfg = Release|Any CPU
		{C77121ED-D06C-4ED5-925B-7542B9789042}.Release|Any CPU.Build.0 = Release|Any CPU
	EndGlobalSection
	GlobalSection(SolutionProperties) = preSolution
		HideSolutionNode = FALSE
	EndGlobalSection
	GlobalSection(ExtensibilityGlobals) = postSolution
		SolutionGuid = {C2B49F0F-6784-4FD8-A856-97B229B9C56C}
	EndGlobalSection
EndGlobal
